
Microsoft Visual Studio Solution File, Format Version 12.00
# Visual Studio Version 17
VisualStudioVersion = 17.0.32112.339
MinimumVisualStudioVersion = 10.0.40219.1
Project("{FAE04EC0-301F-11D3-BF4B-00C04F79EFBC}") = "BeautyPlanner.Android", "BeautyPlanner\BeautyPlanner.Android\BeautyPlanner.Android.csproj", "{482DEF92-07C4-4E40-8D6F-02AF145BBA2C}"
EndProject
Project("{FAE04EC0-301F-11D3-BF4B-00C04F79EFBC}") = "BeautyPlanner", "BeautyPlanner\BeautyPlanner\BeautyPlanner.csproj", "{11BE2580-44B3-4807-A2E3-05E568453A7B}"
EndProject
Global
	GlobalSection(SolutionConfigurationPlatforms) = preSolution
		Debug|Any CPU = Debug|Any CPU
		Release|Any CPU = Release|Any CPU
	EndGlobalSection
	GlobalSection(ProjectConfigurationPlatforms) = postSolution
		{482DEF92-07C4-4E40-8D6F-02AF145BBA2C}.Debug|Any CPU.ActiveCfg = Debug|Any CPU
		{482DEF92-07C4-4E40-8D6F-02AF145BBA2C}.Debug|Any CPU.Build.0 = Debug|Any CPU
		{482DEF92-07C4-4E40-8D6F-02AF145BBA2C}.Debug|Any CPU.Deploy.0 = Debug|Any CPU
		{482DEF92-07C4-4E40-8D6F-02AF145BBA2C}.Release|Any CPU.ActiveCfg = Release|Any CPU
		{482DEF92-07C4-4E40-8D6F-02AF145BBA2C}.Release|Any CPU.Build.0 = Release|Any CPU
		{482DEF92-07C4-4E40-8D6F-02AF145BBA2C}.Release|Any CPU.Deploy.0 = Release|Any CPU
		{11BE2580-44B3-4807-A2E3-05E568453A7B}.Debug|Any CPU.ActiveCfg = Debug|Any CPU
		{11BE2580-44B3-4807-A2E3-05E568453A7B}.Debug|Any CPU.Build.0 = Debug|Any CPU
		{11BE2580-44B3-4807-A2E3-05E568453A7B}.Debug|Any CPU.Deploy.0 = Debug|Any CPU
		{11BE2580-44B3-4807-A2E3-05E568453A7B}.Release|Any CPU.ActiveCfg = Release|Any CPU
		{11BE2580-44B3-4807-A2E3-05E568453A7B}.Release|Any CPU.Build.0 = Release|Any CPU
		{11BE2580-44B3-4807-A2E3-05E568453A7B}.Release|Any CPU.Deploy.0 = Release|Any CPU
	EndGlobalSection
	GlobalSection(SolutionProperties) = preSolution
		HideSolutionNode = FALSE
	EndGlobalSection
	GlobalSection(ExtensibilityGlobals) = postSolution
		SolutionGuid = {0F4533F4-30B8-4D6E-ACEB-D13CEA33EF51}
	EndGlobalSection
EndGlobal
